# This file is automatically @generated by Cargo.
# It is not intended for manual editing.
version = 4

[[package]]
name = "offroad"
version = "0.0.1-alpha"
dependencies = [
 "robust",
]

[[package]]
name = "robust"
version = "1.1.0"
source = "registry+https://github.com/rust-lang/crates.io-index"
checksum = "cbf4a6aa5f6d6888f39e980649f3ad6b666acdce1d78e95b8a2cb076e687ae30"
